
Microsoft Visual Studio Solution File, Format Version 12.00
# Visual Studio Version 17
VisualStudioVersion = 17.11.35312.102
MinimumVisualStudioVersion = 10.0.40219.1
Project("{FAE04EC0-301F-11D3-BF4B-00C04F79EFBC}") = "Exercise1", "Exercise1.csproj", "{77A31616-37EF-41AB-AC87-3D78D5EA2B10}"
EndProject
Global
	GlobalSection(SolutionConfigurationPlatforms) = preSolution
		Debug|Any CPU = Debug|Any CPU
		Release|Any CPU = Release|Any CPU
	EndGlobalSection
	GlobalSection(ProjectConfigurationPlatforms) = postSolution
		{77A31616-37EF-41AB-AC87-3D78D5EA2B10}.Debug|Any CPU.ActiveCfg = Debug|Any CPU
		{77A31616-37EF-41AB-AC87-3D78D5EA2B10}.Debug|Any CPU.Build.0 = Debug|Any CPU
		{77A31616-37EF-41AB-AC87-3D78D5EA2B10}.Release|Any CPU.ActiveCfg = Release|Any CPU
		{77A31616-37EF-41AB-AC87-3D78D5EA2B10}.Release|Any CPU.Build.0 = Release|Any CPU
	EndGlobalSection
	GlobalSection(SolutionProperties) = preSolution
		HideSolutionNode = FALSE
	EndGlobalSection
	GlobalSection(ExtensibilityGlobals) = postSolution
		SolutionGuid = {567E4CC5-D4F4-4F80-95BF-FEE605910F0D}
	EndGlobalSection
EndGlobal
